
Microsoft Visual Studio Solution File, Format Version 12.00
# Visual Studio Version 17
VisualStudioVersion = 17.9.34622.214
MinimumVisualStudioVersion = 10.0.40219.1
Project("{9A19103F-16F7-4668-BE54-9A1E7A4F7556}") = "SeleniumCsharp", "TestProject2\SeleniumCsharp.csproj", "{DE7799A4-58AF-49DF-816B-B07BCF4E34EA}"
EndProject
Global
	GlobalSection(SolutionConfigurationPlatforms) = preSolution
		Debug|Any CPU = Debug|Any CPU
		Release|Any CPU = Release|Any CPU
	EndGlobalSection
	GlobalSection(ProjectConfigurationPlatforms) = postSolution
		{DE7799A4-58AF-49DF-816B-B07BCF4E34EA}.Debug|Any CPU.ActiveCfg = Debug|Any CPU
		{DE7799A4-58AF-49DF-816B-B07BCF4E34EA}.Debug|Any CPU.Build.0 = Debug|Any CPU
		{DE7799A4-58AF-49DF-816B-B07BCF4E34EA}.Release|Any CPU.ActiveCfg = Release|Any CPU
		{DE7799A4-58AF-49DF-816B-B07BCF4E34EA}.Release|Any CPU.Build.0 = Release|Any CPU
	EndGlobalSection
	GlobalSection(SolutionProperties) = preSolution
		HideSolutionNode = FALSE
	EndGlobalSection
	GlobalSection(ExtensibilityGlobals) = postSolution
		SolutionGuid = {457C6577-7052-4747-BCE1-5429AAD4C7A2}
	EndGlobalSection
EndGlobal
